
Microsoft Visual Studio Solution File, Format Version 12.00
# Visual Studio Version 17
VisualStudioVersion = 17.9.34723.18
MinimumVisualStudioVersion = 10.0.40219.1
Project("{FAE04EC0-301F-11D3-BF4B-00C04F79EFBC}") = "HesapMakinesi", "HesapMakinesi.csproj", "{861C46A8-19B6-4BAB-B5AB-D9B040EFA889}"
EndProject
Global
	GlobalSection(SolutionConfigurationPlatforms) = preSolution
		Debug|Any CPU = Debug|Any CPU
		Release|Any CPU = Release|Any CPU
	EndGlobalSection
	GlobalSection(ProjectConfigurationPlatforms) = postSolution
		{861C46A8-19B6-4BAB-B5AB-D9B040EFA889}.Debug|Any CPU.ActiveCfg = Debug|Any CPU
		{861C46A8-19B6-4BAB-B5AB-D9B040EFA889}.Debug|Any CPU.Build.0 = Debug|Any CPU
		{861C46A8-19B6-4BAB-B5AB-D9B040EFA889}.Release|Any CPU.ActiveCfg = Release|Any CPU
		{861C46A8-19B6-4BAB-B5AB-D9B040EFA889}.Release|Any CPU.Build.0 = Release|Any CPU
	EndGlobalSection
	GlobalSection(SolutionProperties) = preSolution
		HideSolutionNode = FALSE
	EndGlobalSection
	GlobalSection(ExtensibilityGlobals) = postSolution
		SolutionGuid = {4FD9756E-7F24-448E-8A7F-9A0571691E93}
	EndGlobalSection
EndGlobal
